
Microsoft Visual Studio Solution File, Format Version 12.00
# Visual Studio Version 17
VisualStudioVersion = 17.2.32602.215
MinimumVisualStudioVersion = 10.0.40219.1
Project("{FAE04EC0-301F-11D3-BF4B-00C04F79EFBC}") = "Magic_Ayes", "Magic_Ayes\Magic_Ayes.csproj", "{F129F89B-3F15-41DA-A6D0-8716ADA7A5EC}"
EndProject
Global
	GlobalSection(SolutionConfigurationPlatforms) = preSolution
		Debug|Any CPU = Debug|Any CPU
		Release|Any CPU = Release|Any CPU
	EndGlobalSection
	GlobalSection(ProjectConfigurationPlatforms) = postSolution
		{F129F89B-3F15-41DA-A6D0-8716ADA7A5EC}.Debug|Any CPU.ActiveCfg = Debug|Any CPU
		{F129F89B-3F15-41DA-A6D0-8716ADA7A5EC}.Debug|Any CPU.Build.0 = Debug|Any CPU
		{F129F89B-3F15-41DA-A6D0-8716ADA7A5EC}.Release|Any CPU.ActiveCfg = Release|Any CPU
		{F129F89B-3F15-41DA-A6D0-8716ADA7A5EC}.Release|Any CPU.Build.0 = Release|Any CPU
	EndGlobalSection
	GlobalSection(SolutionProperties) = preSolution
		HideSolutionNode = FALSE
	EndGlobalSection
	GlobalSection(ExtensibilityGlobals) = postSolution
		SolutionGuid = {FF979CFC-1C5C-4623-BE43-6FD1F6312E25}
	EndGlobalSection
EndGlobal
